
Microsoft Visual Studio Solution File, Format Version 11.00
# Visual Studio 2010
Project("{FAE04EC0-301F-11D3-BF4B-00C04F79EFBC}") = "FLIGHT", "Assembly-CSharp.csproj", "{68D93100-7762-8FCD-EE6F-05233B19500E}"
EndProject
Project("{FAE04EC0-301F-11D3-BF4B-00C04F79EFBC}") = "FLIGHT", "Assembly-CSharp-firstpass.csproj", "{6CFD3A4B-49BB-B3A3-D9B0-F913F36DEB3C}"
EndProject
Project("{FAE04EC0-301F-11D3-BF4B-00C04F79EFBC}") = "FLIGHT", "Assembly-CSharp-Editor.csproj", "{FB6ED6D2-459A-21A1-4087-5F6FA41BA1EC}"
EndProject
Global
	GlobalSection(SolutionConfigurationPlatforms) = preSolution
		Debug|Any CPU = Debug|Any CPU
		Release|Any CPU = Release|Any CPU
	EndGlobalSection
	GlobalSection(ProjectConfigurationPlatforms) = postSolution
		{68D93100-7762-8FCD-EE6F-05233B19500E}.Debug|Any CPU.ActiveCfg = Debug|Any CPU
		{68D93100-7762-8FCD-EE6F-05233B19500E}.Debug|Any CPU.Build.0 = Debug|Any CPU
		{68D93100-7762-8FCD-EE6F-05233B19500E}.Release|Any CPU.ActiveCfg = Release|Any CPU
		{68D93100-7762-8FCD-EE6F-05233B19500E}.Release|Any CPU.Build.0 = Release|Any CPU
		{6CFD3A4B-49BB-B3A3-D9B0-F913F36DEB3C}.Debug|Any CPU.ActiveCfg = Debug|Any CPU
		{6CFD3A4B-49BB-B3A3-D9B0-F913F36DEB3C}.Debug|Any CPU.Build.0 = Debug|Any CPU
		{6CFD3A4B-49BB-B3A3-D9B0-F913F36DEB3C}.Release|Any CPU.ActiveCfg = Release|Any CPU
		{6CFD3A4B-49BB-B3A3-D9B0-F913F36DEB3C}.Release|Any CPU.Build.0 = Release|Any CPU
		{FB6ED6D2-459A-21A1-4087-5F6FA41BA1EC}.Debug|Any CPU.ActiveCfg = Debug|Any CPU
		{FB6ED6D2-459A-21A1-4087-5F6FA41BA1EC}.Debug|Any CPU.Build.0 = Debug|Any CPU
		{FB6ED6D2-459A-21A1-4087-5F6FA41BA1EC}.Release|Any CPU.ActiveCfg = Release|Any CPU
		{FB6ED6D2-459A-21A1-4087-5F6FA41BA1EC}.Release|Any CPU.Build.0 = Release|Any CPU
	EndGlobalSection
	GlobalSection(SolutionProperties) = preSolution
		HideSolutionNode = FALSE
	EndGlobalSection
	GlobalSection(MonoDevelopProperties) = preSolution
		StartupItem = Assembly-CSharp.csproj
	EndGlobalSection
EndGlobal
